<Solution>
  <Project Path="BALA_2.3/BALA_2.3.csproj" Id="8d876084-d8d9-4079-a85f-4161038bc395" />
  <Project Path="Lab11_Belskih/Lab11_Belskih.csproj" />
  <Project Path="laba24/laba24.csproj" Id="b9e41de8-f48b-4277-8369-d6e41d9c198f" />
  <Project Path="LABA25/LABA25.csproj" Id="65109886-0a1b-4596-b21c-2b89db04846d" />
  <Project Path="laba3/laba3.csproj" Id="43b07160-1d92-4649-a78d-c668441bb12e" />
  <Project Path="LABA_1/LABA_1.csproj" />
  <Project Path="laba_1_3/laba_1_3.csproj" Id="a9f7eaea-2793-4b2d-bab6-1286de6d277f" />
  <Project Path="laba_1_4/laba_1_4.csproj" Id="e9ecc876-a0b0-4681-ab20-afad3ab0912a" />
  <Project Path="LABA_2/LABA_1_2.csproj" Id="1b213d15-77a8-49c0-9db9-f242881542f1" />
  <Project Path="laba_ne_schital/laba_ne_schital.csproj" Id="e7a6c4d4-0ae4-4ac9-a879-72b7f61c7744" />
</Solution>
